
Microsoft Visual Studio Solution File, Format Version 12.00
# Visual Studio Version 17
VisualStudioVersion = 17.8.34601.278
MinimumVisualStudioVersion = 10.0.40219.1
Project("{FAE04EC0-301F-11D3-BF4B-00C04F79EFBC}") = "6. Inheritance", "6. Inheritance\6. Inheritance.csproj", "{4BEAA4EA-1715-4894-985F-6ED6D50CD4AF}"
EndProject
Global
	GlobalSection(SolutionConfigurationPlatforms) = preSolution
		Debug|Any CPU = Debug|Any CPU
		Release|Any CPU = Release|Any CPU
	EndGlobalSection
	GlobalSection(ProjectConfigurationPlatforms) = postSolution
		{4BEAA4EA-1715-4894-985F-6ED6D50CD4AF}.Debug|Any CPU.ActiveCfg = Debug|Any CPU
		{4BEAA4EA-1715-4894-985F-6ED6D50CD4AF}.Debug|Any CPU.Build.0 = Debug|Any CPU
		{4BEAA4EA-1715-4894-985F-6ED6D50CD4AF}.Release|Any CPU.ActiveCfg = Release|Any CPU
		{4BEAA4EA-1715-4894-985F-6ED6D50CD4AF}.Release|Any CPU.Build.0 = Release|Any CPU
	EndGlobalSection
	GlobalSection(SolutionProperties) = preSolution
		HideSolutionNode = FALSE
	EndGlobalSection
	GlobalSection(ExtensibilityGlobals) = postSolution
		SolutionGuid = {07388F9D-1FC0-4B44-88C3-FFAB0F6A72B4}
	EndGlobalSection
EndGlobal
